// !$*UTF8*$!
{
	archiveVersion = 1;
	classes = {
	};
	objectVersion = 46;
	objects = {

/* Begin PBXBuildFile section */
		699284AF1F3403C100593E30 /* main.m in Sources */ = {isa = PBXBuildFile; fileRef = 699284AE1F3403C100593E30 /* main.m */; };
		699284B21F3403C100593E30 /* AppDelegate.m in Sources */ = {isa = PBXBuildFile; fileRef = 699284B11F3403C100593E30 /* AppDelegate.m */; };
		699284B81F3403C100593E30 /* Main.storyboard in Resources */ = {isa = PBXBuildFile; fileRef = 699284B61F3403C100593E30 /* Main.storyboard */; };
		699284BA1F3403C100593E30 /* Assets.xcassets in Resources */ = {isa = PBXBuildFile; fileRef = 699284B91F3403C100593E30 /* Assets.xcassets */; };
		699284BD1F3403C100593E30 /* LaunchScreen.storyboard in Resources */ = {isa = PBXBuildFile; fileRef = 699284BB1F3403C100593E30 /* LaunchScreen.storyboard */; };
		699284C81F3403C100593E30 /* CTCyclePageMenuDemoTests.m in Sources */ = {isa = PBXBuildFile; fileRef = 699284C71F3403C100593E30 /* CTCyclePageMenuDemoTests.m */; };
		699284D31F3403C100593E30 /* CTCyclePageMenuDemoUITests.m in Sources */ = {isa = PBXBuildFile; fileRef = 699284D21F3403C100593E30 /* CTCyclePageMenuDemoUITests.m */; };
		69F446CC1F3AEB6200DAF682 /* CTCyclePageFlowLayout.m in Sources */ = {isa = PBXBuildFile; fileRef = 69F446C81F3AEB6200DAF682 /* CTCyclePageFlowLayout.m */; };
		69F446CD1F3AEB6200DAF682 /* CTCyclePageMenu.m in Sources */ = {isa = PBXBuildFile; fileRef = 69F446CA1F3AEB6200DAF682 /* CTCyclePageMenu.m */; };
		69F446D91F3AECA000DAF682 /* ExampleListVC.m in Sources */ = {isa = PBXBuildFile; fileRef = 69F446D81F3AECA000DAF682 /* ExampleListVC.m */; };
		69F446DC1F3AEFAF00DAF682 /* Demo1VC.m in Sources */ = {isa = PBXBuildFile; fileRef = 69F446DB1F3AEFAF00DAF682 /* Demo1VC.m */; };
		69F446DF1F3AEFBC00DAF682 /* Demo2VC.m in Sources */ = {isa = PBXBuildFile; fileRef = 69F446DE1F3AEFBC00DAF682 /* Demo2VC.m */; };
		69F446E21F3AF0AE00DAF682 /* CTVerticalCell.m in Sources */ = {isa = PBXBuildFile; fileRef = 69F446E11F3AF0AE00DAF682 /* CTVerticalCell.m */; };
		69F446E51F3AF0E300DAF682 /* CTVerticalSlideView.m in Sources */ = {isa = PBXBuildFile; fileRef = 69F446E41F3AF0E300DAF682 /* CTVerticalSlideView.m */; };
		69F446E81F3AF11500DAF682 /* CTVerticalSeparatorView.m in Sources */ = {isa = PBXBuildFile; fileRef = 69F446E71F3AF11500DAF682 /* CTVerticalSeparatorView.m */; };
		69F446EB1F3AF14A00DAF682 /* CTHorizontalCell.m in Sources */ = {isa = PBXBuildFile; fileRef = 69F446EA1F3AF14A00DAF682 /* CTHorizontalCell.m */; };
		69F446EE1F3AF17700DAF682 /* CTHorizontalSlideView.m in Sources */ = {isa = PBXBuildFile; fileRef = 69F446ED1F3AF17700DAF682 /* CTHorizontalSlideView.m */; };
		69F446F11F3AF18C00DAF682 /* CTHorizontalSeparatorView.m in Sources */ = {isa = PBXBuildFile; fileRef = 69F446F01F3AF18C00DAF682 /* CTHorizontalSeparatorView.m */; };
		69F4470D1F3B06A400DAF682 /* ViewController.m in Sources */ = {isa = PBXBuildFile; fileRef = 69F4470C1F3B06A400DAF682 /* ViewController.m */; };
/* End PBXBuildFile section */

/* Begin PBXContainerItemProxy section */
		699284C41F3403C100593E30 /* PBXContainerItemProxy */ = {
			isa = PBXContainerItemProxy;
			containerPortal = 699284A21F3403C100593E30 /* Project object */;
			proxyType = 1;
			remoteGlobalIDString = 699284A91F3403C100593E30;
			remoteInfo = CTCyclePageMenuDemo;
		};
		699284CF1F3403C100593E30 /* PBXContainerItemProxy */ = {
			isa = PBXContainerItemProxy;
			containerPortal = 699284A21F3403C100593E30 /* Project object */;
			proxyType = 1;
			remoteGlobalIDString = 699284A91F3403C100593E30;
			remoteInfo = CTCyclePageMenuDemo;
		};
/* End PBXContainerItemProxy section */

/* Begin PBXFileReference section */
		699284AA1F3403C100593E30 /* CTCyclePageMenuDemo.app */ = {isa = PBXFileReference; explicitFileType = wrapper.application; includeInIndex = 0; path = CTCyclePageMenuDemo.app; sourceTree = BUILT_PRODUCTS_DIR; };
		699284AE1F3403C100593E30 /* main.m */ = {isa = PBXFileReference; lastKnownFileType = sourcecode.c.objc; path = main.m; sourceTree = "<group>"; };
		699284B01F3403C100593E30 /* AppDelegate.h */ = {isa = PBXFileReference; lastKnownFileType = sourcecode.c.h; path = AppDelegate.h; sourceTree = "<group>"; };
		699284B11F3403C100593E30 /* AppDelegate.m */ = {isa = PBXFileReference; lastKnownFileType = sourcecode.c.objc; path = AppDelegate.m; sourceTree = "<group>"; };
		699284B71F3403C100593E30 /* Base */ = {isa = PBXFileReference; lastKnownFileType = file.storyboard; name = Base; path = Base.lproj/Main.storyboard; sourceTree = "<group>"; };
		699284B91F3403C100593E30 /* Assets.xcassets */ = {isa = PBXFileReference; lastKnownFileType = folder.assetcatalog; path = Assets.xcassets; sourceTree = "<group>"; };
		699284BC1F3403C100593E30 /* Base */ = {isa = PBXFileReference; lastKnownFileType = file.storyboard; name = Base; path = Base.lproj/LaunchScreen.storyboard; sourceTree = "<group>"; };
		699284BE1F3403C100593E30 /* Info.plist */ = {isa = PBXFileReference; lastKnownFileType = text.plist.xml; path = Info.plist; sourceTree = "<group>"; };
		699284C31F3403C100593E30 /* CTCyclePageMenuDemoTests.xctest */ = {isa = PBXFileReference; explicitFileType = wrapper.cfbundle; includeInIndex = 0; path = CTCyclePageMenuDemoTests.xctest; sourceTree = BUILT_PRODUCTS_DIR; };
		699284C71F3403C100593E30 /* CTCyclePageMenuDemoTests.m */ = {isa = PBXFileReference; lastKnownFileType = sourcecode.c.objc; path = CTCyclePageMenuDemoTests.m; sourceTree = "<group>"; };
		699284C91F3403C100593E30 /* Info.plist */ = {isa = PBXFileReference; lastKnownFileType = text.plist.xml; path = Info.plist; sourceTree = "<group>"; };
		699284CE1F3403C100593E30 /* CTCyclePageMenuDemoUITests.xctest */ = {isa = PBXFileReference; explicitFileType = wrapper.cfbundle; includeInIndex = 0; path = CTCyclePageMenuDemoUITests.xctest; sourceTree = BUILT_PRODUCTS_DIR; };
		699284D21F3403C100593E30 /* CTCyclePageMenuDemoUITests.m */ = {isa = PBXFileReference; lastKnownFileType = sourcecode.c.objc; path = CTCyclePageMenuDemoUITests.m; sourceTree = "<group>"; };
		699284D41F3403C100593E30 /* Info.plist */ = {isa = PBXFileReference; lastKnownFileType = text.plist.xml; path = Info.plist; sourceTree = "<group>"; };
		69F446C71F3AEB6200DAF682 /* CTCyclePageFlowLayout.h */ = {isa = PBXFileReference; fileEncoding = 4; lastKnownFileType = sourcecode.c.h; path = CTCyclePageFlowLayout.h; sourceTree = "<group>"; };
		69F446C81F3AEB6200DAF682 /* CTCyclePageFlowLayout.m */ = {isa = PBXFileReference; fileEncoding = 4; lastKnownFileType = sourcecode.c.objc; path = CTCyclePageFlowLayout.m; sourceTree = "<group>"; };
		69F446C91F3AEB6200DAF682 /* CTCyclePageMenu.h */ = {isa = PBXFileReference; fileEncoding = 4; lastKnownFileType = sourcecode.c.h; path = CTCyclePageMenu.h; sourceTree = "<group>"; };
		69F446CA1F3AEB6200DAF682 /* CTCyclePageMenu.m */ = {isa = PBXFileReference; fileEncoding = 4; lastKnownFileType = sourcecode.c.objc; path = CTCyclePageMenu.m; sourceTree = "<group>"; };
		69F446CB1F3AEB6200DAF682 /* CTCyclePageMenuProtocol.h */ = {isa = PBXFileReference; fileEncoding = 4; lastKnownFileType = sourcecode.c.h; path = CTCyclePageMenuProtocol.h; sourceTree = "<group>"; };
		69F446D71F3AECA000DAF682 /* ExampleListVC.h */ = {isa = PBXFileReference; fileEncoding = 4; lastKnownFileType = sourcecode.c.h; path = ExampleListVC.h; sourceTree = "<group>"; };
		69F446D81F3AECA000DAF682 /* ExampleListVC.m */ = {isa = PBXFileReference; fileEncoding = 4; lastKnownFileType = sourcecode.c.objc; path = ExampleListVC.m; sourceTree = "<group>"; };
		69F446DA1F3AEFAF00DAF682 /* Demo1VC.h */ = {isa = PBXFileReference; fileEncoding = 4; lastKnownFileType = sourcecode.c.h; path = Demo1VC.h; sourceTree = "<group>"; };
		69F446DB1F3AEFAF00DAF682 /* Demo1VC.m */ = {isa = PBXFileReference; fileEncoding = 4; lastKnownFileType = sourcecode.c.objc; path = Demo1VC.m; sourceTree = "<group>"; };
		69F446DD1F3AEFBC00DAF682 /* Demo2VC.h */ = {isa = PBXFileReference; fileEncoding = 4; lastKnownFileType = sourcecode.c.h; path = Demo2VC.h; sourceTree = "<group>"; };
		69F446DE1F3AEFBC00DAF682 /* Demo2VC.m */ = {isa = PBXFileReference; fileEncoding = 4; lastKnownFileType = sourcecode.c.objc; path = Demo2VC.m; sourceTree = "<group>"; };
		69F446E01F3AF0AE00DAF682 /* CTVerticalCell.h */ = {isa = PBXFileReference; fileEncoding = 4; lastKnownFileType = sourcecode.c.h; path = CTVerticalCell.h; sourceTree = "<group>"; };
		69F446E11F3AF0AE00DAF682 /* CTVerticalCell.m */ = {isa = PBXFileReference; fileEncoding = 4; lastKnownFileType = sourcecode.c.objc; path = CTVerticalCell.m; sourceTree = "<group>"; };
		69F446E31F3AF0E300DAF682 /* CTVerticalSlideView.h */ = {isa = PBXFileReference; fileEncoding = 4; lastKnownFileType = sourcecode.c.h; path = CTVerticalSlideView.h; sourceTree = "<group>"; };
		69F446E41F3AF0E300DAF682 /* CTVerticalSlideView.m */ = {isa = PBXFileReference; fileEncoding = 4; lastKnownFileType = sourcecode.c.objc; path = CTVerticalSlideView.m; sourceTree = "<group>"; };
		69F446E61F3AF11500DAF682 /* CTVerticalSeparatorView.h */ = {isa = PBXFileReference; fileEncoding = 4; lastKnownFileType = sourcecode.c.h; path = CTVerticalSeparatorView.h; sourceTree = "<group>"; };
		69F446E71F3AF11500DAF682 /* CTVerticalSeparatorView.m */ = {isa = PBXFileReference; fileEncoding = 4; lastKnownFileType = sourcecode.c.objc; path = CTVerticalSeparatorView.m; sourceTree = "<group>"; };
		69F446E91F3AF14A00DAF682 /* CTHorizontalCell.h */ = {isa = PBXFileReference; fileEncoding = 4; lastKnownFileType = sourcecode.c.h; path = CTHorizontalCell.h; sourceTree = "<group>"; };
		69F446EA1F3AF14A00DAF682 /* CTHorizontalCell.m */ = {isa = PBXFileReference; fileEncoding = 4; lastKnownFileType = sourcecode.c.objc; path = CTHorizontalCell.m; sourceTree = "<group>"; };
		69F446EC1F3AF17700DAF682 /* CTHorizontalSlideView.h */ = {isa = PBXFileReference; fileEncoding = 4; lastKnownFileType = sourcecode.c.h; path = CTHorizontalSlideView.h; sourceTree = "<group>"; };
		69F446ED1F3AF17700DAF682 /* CTHorizontalSlideView.m */ = {isa = PBXFileReference; fileEncoding = 4; lastKnownFileType = sourcecode.c.objc; path = CTHorizontalSlideView.m; sourceTree = "<group>"; };
		69F446EF1F3AF18C00DAF682 /* CTHorizontalSeparatorView.h */ = {isa = PBXFileReference; fileEncoding = 4; lastKnownFileType = sourcecode.c.h; path = CTHorizontalSeparatorView.h; sourceTree = "<group>"; };
		69F446F01F3AF18C00DAF682 /* CTHorizontalSeparatorView.m */ = {isa = PBXFileReference; fileEncoding = 4; lastKnownFileType = sourcecode.c.objc; path = CTHorizontalSeparatorView.m; sourceTree = "<group>"; };
		69F4470B1F3B06A400DAF682 /* ViewController.h */ = {isa = PBXFileReference; fileEncoding = 4; lastKnownFileType = sourcecode.c.h; path = ViewController.h; sourceTree = "<group>"; };
		69F4470C1F3B06A400DAF682 /* ViewController.m */ = {isa = PBXFileReference; fileEncoding = 4; lastKnownFileType = sourcecode.c.objc; path = ViewController.m; sourceTree = "<group>"; };
/* End PBXFileReference section */

/* Begin PBXFrameworksBuildPhase section */
		699284A71F3403C100593E30 /* Frameworks */ = {
			isa = PBXFrameworksBuildPhase;
			buildActionMask = 2147483647;
			files = (
			);
			runOnlyForDeploymentPostprocessing = 0;
		};
		699284C01F3403C100593E30 /* Frameworks */ = {
			isa = PBXFrameworksBuildPhase;
			buildActionMask = 2147483647;
			files = (
			);
			runOnlyForDeploymentPostprocessing = 0;
		};
		699284CB1F3403C100593E30 /* Frameworks */ = {
			isa = PBXFrameworksBuildPhase;
			buildActionMask = 2147483647;
			files = (
			);
			runOnlyForDeploymentPostprocessing = 0;
		};
/* End PBXFrameworksBuildPhase section */

/* Begin PBXGroup section */
		6976292E1F384DED00551BC3 /* CTCyclePageMenu */ = {
			isa = PBXGroup;
			children = (
				69F446CB1F3AEB6200DAF682 /* CTCyclePageMenuProtocol.h */,
				69F446C71F3AEB6200DAF682 /* CTCyclePageFlowLayout.h */,
				69F446C81F3AEB6200DAF682 /* CTCyclePageFlowLayout.m */,
				69F446C91F3AEB6200DAF682 /* CTCyclePageMenu.h */,
				69F446CA1F3AEB6200DAF682 /* CTCyclePageMenu.m */,
			);
			path = CTCyclePageMenu;
			sourceTree = SOURCE_ROOT;
		};
		699284A11F3403C100593E30 = {
			isa = PBXGroup;
			children = (
				699284AC1F3403C100593E30 /* CTCyclePageMenuDemo */,
				699284C61F3403C100593E30 /* CTCyclePageMenuDemoTests */,
				699284D11F3403C100593E30 /* CTCyclePageMenuDemoUITests */,
				699284AB1F3403C100593E30 /* Products */,
			);
			sourceTree = "<group>";
		};
		699284AB1F3403C100593E30 /* Products */ = {
			isa = PBXGroup;
			children = (
				699284AA1F3403C100593E30 /* CTCyclePageMenuDemo.app */,
				699284C31F3403C100593E30 /* CTCyclePageMenuDemoTests.xctest */,
				699284CE1F3403C100593E30 /* CTCyclePageMenuDemoUITests.xctest */,
			);
			name = Products;
			sourceTree = "<group>";
		};
		699284AC1F3403C100593E30 /* CTCyclePageMenuDemo */ = {
			isa = PBXGroup;
			children = (
				6976292E1F384DED00551BC3 /* CTCyclePageMenu */,
				69F446CE1F3AEBC500DAF682 /* Demo1 */,
				69F446D11F3AEBC500DAF682 /* Demo2 */,
				699284B01F3403C100593E30 /* AppDelegate.h */,
				699284B11F3403C100593E30 /* AppDelegate.m */,
				69F446D71F3AECA000DAF682 /* ExampleListVC.h */,
				69F446D81F3AECA000DAF682 /* ExampleListVC.m */,
				69F4470B1F3B06A400DAF682 /* ViewController.h */,
				69F4470C1F3B06A400DAF682 /* ViewController.m */,
				699284B61F3403C100593E30 /* Main.storyboard */,
				699284B91F3403C100593E30 /* Assets.xcassets */,
				699284BB1F3403C100593E30 /* LaunchScreen.storyboard */,
				699284BE1F3403C100593E30 /* Info.plist */,
				699284AD1F3403C100593E30 /* Supporting Files */,
			);
			path = CTCyclePageMenuDemo;
			sourceTree = "<group>";
		};
		699284AD1F3403C100593E30 /* Supporting Files */ = {
			isa = PBXGroup;
			children = (
				699284AE1F3403C100593E30 /* main.m */,
			);
			name = "Supporting Files";
			sourceTree = "<group>";
		};
		699284C61F3403C100593E30 /* CTCyclePageMenuDemoTests */ = {
			isa = PBXGroup;
			children = (
				699284C71F3403C100593E30 /* CTCyclePageMenuDemoTests.m */,
				699284C91F3403C100593E30 /* Info.plist */,
			);
			path = CTCyclePageMenuDemoTests;
			sourceTree = "<group>";
		};
		699284D11F3403C100593E30 /* CTCyclePageMenuDemoUITests */ = {
			isa = PBXGroup;
			children = (
				699284D21F3403C100593E30 /* CTCyclePageMenuDemoUITests.m */,
				699284D41F3403C100593E30 /* Info.plist */,
			);
			path = CTCyclePageMenuDemoUITests;
			sourceTree = "<group>";
		};
		69F446CE1F3AEBC500DAF682 /* Demo1 */ = {
			isa = PBXGroup;
			children = (
				69F446CF1F3AEBC500DAF682 /* CustomView */,
				69F446D01F3AEBC500DAF682 /* VC */,
			);
			path = Demo1;
			sourceTree = SOURCE_ROOT;
		};
		69F446CF1F3AEBC500DAF682 /* CustomView */ = {
			isa = PBXGroup;
			children = (
				69F446E01F3AF0AE00DAF682 /* CTVerticalCell.h */,
				69F446E11F3AF0AE00DAF682 /* CTVerticalCell.m */,
				69F446E31F3AF0E300DAF682 /* CTVerticalSlideView.h */,
				69F446E41F3AF0E300DAF682 /* CTVerticalSlideView.m */,
				69F446E61F3AF11500DAF682 /* CTVerticalSeparatorView.h */,
				69F446E71F3AF11500DAF682 /* CTVerticalSeparatorView.m */,
			);
			path = CustomView;
			sourceTree = "<group>";
		};
		69F446D01F3AEBC500DAF682 /* VC */ = {
			isa = PBXGroup;
			children = (
				69F446DA1F3AEFAF00DAF682 /* Demo1VC.h */,
				69F446DB1F3AEFAF00DAF682 /* Demo1VC.m */,
			);
			path = VC;
			sourceTree = "<group>";
		};
		69F446D11F3AEBC500DAF682 /* Demo2 */ = {
			isa = PBXGroup;
			children = (
				69F446D21F3AEBC500DAF682 /* CustomView */,
				69F446D31F3AEBC500DAF682 /* VC */,
			);
			path = Demo2;
			sourceTree = SOURCE_ROOT;
		};
		69F446D21F3AEBC500DAF682 /* CustomView */ = {
			isa = PBXGroup;
			children = (
				69F446E91F3AF14A00DAF682 /* CTHorizontalCell.h */,
				69F446EA1F3AF14A00DAF682 /* CTHorizontalCell.m */,
				69F446EC1F3AF17700DAF682 /* CTHorizontalSlideView.h */,
				69F446ED1F3AF17700DAF682 /* CTHorizontalSlideView.m */,
				69F446EF1F3AF18C00DAF682 /* CTHorizontalSeparatorView.h */,
				69F446F01F3AF18C00DAF682 /* CTHorizontalSeparatorView.m */,
			);
			path = CustomView;
			sourceTree = "<group>";
		};
		69F446D31F3AEBC500DAF682 /* VC */ = {
			isa = PBXGroup;
			children = (
				69F446DD1F3AEFBC00DAF682 /* Demo2VC.h */,
				69F446DE1F3AEFBC00DAF682 /* Demo2VC.m */,
			);
			path = VC;
			sourceTree = "<group>";
		};
/* End PBXGroup section */

/* Begin PBXNativeTarget section */
		699284A91F3403C100593E30 /* CTCyclePageMenuDemo */ = {
			isa = PBXNativeTarget;
			buildConfigurationList = 699284D71F3403C100593E30 /* Build configuration list for PBXNativeTarget "CTCyclePageMenuDemo" */;
			buildPhases = (
				699284A61F3403C100593E30 /* Sources */,
				699284A71F3403C100593E30 /* Frameworks */,
				699284A81F3403C100593E30 /* Resources */,
			);
			buildRules = (
			);
			dependencies = (
			);
			name = CTCyclePageMenuDemo;
			productName = CTCyclePageMenuDemo;
			productReference = 699284AA1F3403C100593E30 /* CTCyclePageMenuDemo.app */;
			productType = "com.apple.product-type.application";
		};
		699284C21F3403C100593E30 /* CTCyclePageMenuDemoTests */ = {
			isa = PBXNativeTarget;
			buildConfigurationList = 699284DA1F3403C100593E30 /* Build configuration list for PBXNativeTarget "CTCyclePageMenuDemoTests" */;
			buildPhases = (
				699284BF1F3403C100593E30 /* Sources */,
				699284C01F3403C100593E30 /* Frameworks */,
				699284C11F3403C100593E30 /* Resources */,
			);
			buildRules = (
			);
			dependencies = (
				699284C51F3403C100593E30 /* PBXTargetDependency */,
			);
			name = CTCyclePageMenuDemoTests;
			productName = CTCyclePageMenuDemoTests;
			productReference = 699284C31F3403C100593E30 /* CTCyclePageMenuDemoTests.xctest */;
			productType = "com.apple.product-type.bundle.unit-test";
		};
		699284CD1F3403C100593E30 /* CTCyclePageMenuDemoUITests */ = {
			isa = PBXNativeTarget;
			buildConfigurationList = 699284DD1F3403C100593E30 /* Build configuration list for PBXNativeTarget "CTCyclePageMenuDemoUITests" */;
			buildPhases = (
				699284CA1F3403C100593E30 /* Sources */,
				699284CB1F3403C100593E30 /* Frameworks */,
				699284CC1F3403C100593E30 /* Resources */,
			);
			buildRules = (
			);
			dependencies = (
				699284D01F3403C100593E30 /* PBXTargetDependency */,
			);
			name = CTCyclePageMenuDemoUITests;
			productName = CTCyclePageMenuDemoUITests;
			productReference = 699284CE1F3403C100593E30 /* CTCyclePageMenuDemoUITests.xctest */;
			productType = "com.apple.product-type.bundle.ui-testing";
		};
/* End PBXNativeTarget section */

/* Begin PBXProject section */
		699284A21F3403C100593E30 /* Project object */ = {
			isa = PBXProject;
			attributes = {
				LastUpgradeCheck = 0830;
				ORGANIZATIONNAME = Demo;
				TargetAttributes = {
					699284A91F3403C100593E30 = {
						CreatedOnToolsVersion = 8.3.3;
						DevelopmentTeam = H563K59824;
						ProvisioningStyle = Manual;
					};
					699284C21F3403C100593E30 = {
						CreatedOnToolsVersion = 8.3.3;
						DevelopmentTeam = HG4D7RHCA9;
						ProvisioningStyle = Automatic;
						TestTargetID = 699284A91F3403C100593E30;
					};
					699284CD1F3403C100593E30 = {
						CreatedOnToolsVersion = 8.3.3;
						DevelopmentTeam = HG4D7RHCA9;
						ProvisioningStyle = Automatic;
						TestTargetID = 699284A91F3403C100593E30;
					};
				};
			};
			buildConfigurationList = 699284A51F3403C100593E30 /* Build configuration list for PBXProject "CTCyclePageMenuDemo" */;
			compatibilityVersion = "Xcode 3.2";
			developmentRegion = English;
			hasScannedForEncodings = 0;
			knownRegions = (
				en,
				Base,
			);
			mainGroup = 699284A11F3403C100593E30;
			productRefGroup = 699284AB1F3403C100593E30 /* Products */;
			projectDirPath = "";
			projectRoot = "";
			targets = (
				699284A91F3403C100593E30 /* CTCyclePageMenuDemo */,
				699284C21F3403C100593E30 /* CTCyclePageMenuDemoTests */,
				699284CD1F3403C100593E30 /* CTCyclePageMenuDemoUITests */,
			);
		};
/* End PBXProject section */

/* Begin PBXResourcesBuildPhase section */
		699284A81F3403C100593E30 /* Resources */ = {
			isa = PBXResourcesBuildPhase;
			buildActionMask = 2147483647;
			files = (
				699284BD1F3403C100593E30 /* LaunchScreen.storyboard in Resources */,
				699284BA1F3403C100593E30 /* Assets.xcassets in Resources */,
				699284B81F3403C100593E30 /* Main.storyboard in Resources */,
			);
			runOnlyForDeploymentPostprocessing = 0;
		};
		699284C11F3403C100593E30 /* Resources */ = {
			isa = PBXResourcesBuildPhase;
			buildActionMask = 2147483647;
			files = (
			);
			runOnlyForDeploymentPostprocessing = 0;
		};
		699284CC1F3403C100593E30 /* Resources */ = {
			isa = PBXResourcesBuildPhase;
			buildActionMask = 2147483647;
			files = (
			);
			runOnlyForDeploymentPostprocessing = 0;
		};
/* End PBXResourcesBuildPhase section */

/* Begin PBXSourcesBuildPhase section */
		699284A61F3403C100593E30 /* Sources */ = {
			isa = PBXSourcesBuildPhase;
			buildActionMask = 2147483647;
			files = (
				69F4470D1F3B06A400DAF682 /* ViewController.m in Sources */,
				69F446CC1F3AEB6200DAF682 /* CTCyclePageFlowLayout.m in Sources */,
				69F446E81F3AF11500DAF682 /* CTVerticalSeparatorView.m in Sources */,
				69F446F11F3AF18C00DAF682 /* CTHorizontalSeparatorView.m in Sources */,
				699284B21F3403C100593E30 /* AppDelegate.m in Sources */,
				69F446EE1F3AF17700DAF682 /* CTHorizontalSlideView.m in Sources */,
				69F446CD1F3AEB6200DAF682 /* CTCyclePageMenu.m in Sources */,
				69F446D91F3AECA000DAF682 /* ExampleListVC.m in Sources */,
				69F446E21F3AF0AE00DAF682 /* CTVerticalCell.m in Sources */,
				69F446E51F3AF0E300DAF682 /* CTVerticalSlideView.m in Sources */,
				699284AF1F3403C100593E30 /* main.m in Sources */,
				69F446EB1F3AF14A00DAF682 /* CTHorizontalCell.m in Sources */,
				69F446DC1F3AEFAF00DAF682 /* Demo1VC.m in Sources */,
				69F446DF1F3AEFBC00DAF682 /* Demo2VC.m in Sources */,
			);
			runOnlyForDeploymentPostprocessing = 0;
		};
		699284BF1F3403C100593E30 /* Sources */ = {
			isa = PBXSourcesBuildPhase;
			buildActionMask = 2147483647;
			files = (
				699284C81F3403C100593E30 /* CTCyclePageMenuDemoTests.m in Sources */,
			);
			runOnlyForDeploymentPostprocessing = 0;
		};
		699284CA1F3403C100593E30 /* Sources */ = {
			isa = PBXSourcesBuildPhase;
			buildActionMask = 2147483647;
			files = (
				699284D31F3403C100593E30 /* CTCyclePageMenuDemoUITests.m in Sources */,
			);
			runOnlyForDeploymentPostprocessing = 0;
		};
/* End PBXSourcesBuildPhase section */

/* Begin PBXTargetDependency section */
		699284C51F3403C100593E30 /* PBXTargetDependency */ = {
			isa = PBXTargetDependency;
			target = 699284A91F3403C100593E30 /* CTCyclePageMenuDemo */;
			targetProxy = 699284C41F3403C100593E30 /* PBXContainerItemProxy */;
		};
		699284D01F3403C100593E30 /* PBXTargetDependency */ = {
			isa = PBXTargetDependency;
			target = 699284A91F3403C100593E30 /* CTCyclePageMenuDemo */;
			targetProxy = 699284CF1F3403C100593E30 /* PBXContainerItemProxy */;
		};
/* End PBXTargetDependency section */

/* Begin PBXVariantGroup section */
		699284B61F3403C100593E30 /* Main.storyboard */ = {
			isa = PBXVariantGroup;
			children = (
				699284B71F3403C100593E30 /* Base */,
			);
			name = Main.storyboard;
			sourceTree = "<group>";
		};
		699284BB1F3403C100593E30 /* LaunchScreen.storyboard */ = {
			isa = PBXVariantGroup;
			children = (
				699284BC1F3403C100593E30 /* Base */,
			);
			name = LaunchScreen.storyboard;
			sourceTree = "<group>";
		};
/* End PBXVariantGroup section */

/* Begin XCBuildConfiguration section */
		699284D51F3403C100593E30 /* Debug */ = {
			isa = XCBuildConfiguration;
			buildSettings = {
				ALWAYS_SEARCH_USER_PATHS = NO;
				CLANG_ANALYZER_NONNULL = YES;
				CLANG_ANALYZER_NUMBER_OBJECT_CONVERSION = YES_AGGRESSIVE;
				CLANG_CXX_LANGUAGE_STANDARD = "gnu++0x";
				CLANG_CXX_LIBRARY = "libc++";
				CLANG_ENABLE_MODULES = YES;
				CLANG_ENABLE_OBJC_ARC = YES;
				CLANG_WARN_BOOL_CONVERSION = YES;
				CLANG_WARN_CONSTANT_CONVERSION = YES;
				CLANG_WARN_DIRECT_OBJC_ISA_USAGE = YES_ERROR;
				CLANG_WARN_DOCUMENTATION_COMMENTS = YES;
				CLANG_WARN_EMPTY_BODY = YES;
				CLANG_WARN_ENUM_CONVERSION = YES;
				CLANG_WARN_INFINITE_RECURSION = YES;
				CLANG_WARN_INT_CONVERSION = YES;
				CLANG_WARN_OBJC_ROOT_CLASS = YES_ERROR;
				CLANG_WARN_SUSPICIOUS_MOVE = YES;
				CLANG_WARN_UNREACHABLE_CODE = YES;
				CLANG_WARN__DUPLICATE_METHOD_MATCH = YES;
				"CODE_SIGN_IDENTITY[sdk=iphoneos*]" = "iPhone Developer";
				COPY_PHASE_STRIP = NO;
				DEBUG_INFORMATION_FORMAT = dwarf;
				ENABLE_STRICT_OBJC_MSGSEND = YES;
				ENABLE_TESTABILITY = YES;
				GCC_C_LANGUAGE_STANDARD = gnu99;
				GCC_DYNAMIC_NO_PIC = NO;
				GCC_NO_COMMON_BLOCKS = YES;
				GCC_OPTIMIZATION_LEVEL = 0;
				GCC_PREPROCESSOR_DEFINITIONS = (
					"DEBUG=1",
					"$(inherited)",
				);
				GCC_WARN_64_TO_32_BIT_CONVERSION = YES;
				GCC_WARN_ABOUT_RETURN_TYPE = YES_ERROR;
				GCC_WARN_UNDECLARED_SELECTOR = YES;
				GCC_WARN_UNINITIALIZED_AUTOS = YES_AGGRESSIVE;
				GCC_WARN_UNUSED_FUNCTION = YES;
				GCC_WARN_UNUSED_VARIABLE = YES;
				IPHONEOS_DEPLOYMENT_TARGET = 10.3;
				MTL_ENABLE_DEBUG_INFO = YES;
				ONLY_ACTIVE_ARCH = YES;
				SDKROOT = iphoneos;
			};
			name = Debug;
		};
		699284D61F3403C100593E30 /* Release */ = {
			isa = XCBuildConfiguration;
			buildSettings = {
				ALWAYS_SEARCH_USER_PATHS = NO;
				CLANG_ANALYZER_NONNULL = YES;
				CLANG_ANALYZER_NUMBER_OBJECT_CONVERSION = YES_AGGRESSIVE;
				CLANG_CXX_LANGUAGE_STANDARD = "gnu++0x";
				CLANG_CXX_LIBRARY = "libc++";
				CLANG_ENABLE_MODULES = YES;
				CLANG_ENABLE_OBJC_ARC = YES;
				CLANG_WARN_BOOL_CONVERSION = YES;
				CLANG_WARN_CONSTANT_CONVERSION = YES;
				CLANG_WARN_DIRECT_OBJC_ISA_USAGE = YES_ERROR;
				CLANG_WARN_DOCUMENTATION_COMMENTS = YES;
				CLANG_WARN_EMPTY_BODY = YES;
				CLANG_WARN_ENUM_CONVERSION = YES;
				CLANG_WARN_INFINITE_RECURSION = YES;
				CLANG_WARN_INT_CONVERSION = YES;
				CLANG_WARN_OBJC_ROOT_CLASS = YES_ERROR;
				CLANG_WARN_SUSPICIOUS_MOVE = YES;
				CLANG_WARN_UNREACHABLE_CODE = YES;
				CLANG_WARN__DUPLICATE_METHOD_MATCH = YES;
				"CODE_SIGN_IDENTITY[sdk=iphoneos*]" = "iPhone Developer";
				COPY_PHASE_STRIP = NO;
				DEBUG_INFORMATION_FORMAT = "dwarf-with-dsym";
				ENABLE_NS_ASSERTIONS = NO;
				ENABLE_STRICT_OBJC_MSGSEND = YES;
				GCC_C_LANGUAGE_STANDARD = gnu99;
				GCC_NO_COMMON_BLOCKS = YES;
				GCC_WARN_64_TO_32_BIT_CONVERSION = YES;
				GCC_WARN_ABOUT_RETURN_TYPE = YES_ERROR;
				GCC_WARN_UNDECLARED_SELECTOR = YES;
				GCC_WARN_UNINITIALIZED_AUTOS = YES_AGGRESSIVE;
				GCC_WARN_UNUSED_FUNCTION = YES;
				GCC_WARN_UNUSED_VARIABLE = YES;
				IPHONEOS_DEPLOYMENT_TARGET = 10.3;
				MTL_ENABLE_DEBUG_INFO = NO;
				SDKROOT = iphoneos;
				VALIDATE_PRODUCT = YES;
			};
			name = Release;
		};
		699284D81F3403C100593E30 /* Debug */ = {
			isa = XCBuildConfiguration;
			buildSettings = {
				ASSETCATALOG_COMPILER_APPICON_NAME = AppIcon;
				DEVELOPMENT_TEAM = H563K59824;
				INFOPLIST_FILE = CTCyclePageMenuDemo/Info.plist;
				LD_RUNPATH_SEARCH_PATHS = "$(inherited) @executable_path/Frameworks";
				PRODUCT_BUNDLE_IDENTIFIER = com.yhd.onethestore.en;
				PRODUCT_NAME = "$(TARGET_NAME)";
				PROVISIONING_PROFILE = "f512a516-87f7-4b5b-a5ac-b7f39820b042";
				PROVISIONING_PROFILE_SPECIFIER = "match Development com.yhd.onethestore.en";
			};
			name = Debug;
		};
		699284D91F3403C100593E30 /* Release */ = {
			isa = XCBuildConfiguration;
			buildSettings = {
				ASSETCATALOG_COMPILER_APPICON_NAME = AppIcon;
				DEVELOPMENT_TEAM = "";
				INFOPLIST_FILE = CTCyclePageMenuDemo/Info.plist;
				LD_RUNPATH_SEARCH_PATHS = "$(inherited) @executable_path/Frameworks";
				PRODUCT_BUNDLE_IDENTIFIER = com.yhd.onethestore.en;
				PRODUCT_NAME = "$(TARGET_NAME)";
				PROVISIONING_PROFILE_SPECIFIER = "";
			};
			name = Release;
		};
		699284DB1F3403C100593E30 /* Debug */ = {
			isa = XCBuildConfiguration;
			buildSettings = {
				BUNDLE_LOADER = "$(TEST_HOST)";
				DEVELOPMENT_TEAM = HG4D7RHCA9;
				INFOPLIST_FILE = CTCyclePageMenuDemoTests/Info.plist;
				LD_RUNPATH_SEARCH_PATHS = "$(inherited) @executable_path/Frameworks @loader_path/Frameworks";
				PRODUCT_BUNDLE_IDENTIFIER = Demo.com.CTCyclePageMenuDemoTests;
				PRODUCT_NAME = "$(TARGET_NAME)";
				TEST_HOST = "$(BUILT_PRODUCTS_DIR)/CTCyclePageMenuDemo.app/CTCyclePageMenuDemo";
			};
			name = Debug;
		};
		699284DC1F3403C100593E30 /* Release */ = {
			isa = XCBuildConfiguration;
			buildSettings = {
				BUNDLE_LOADER = "$(TEST_HOST)";
				DEVELOPMENT_TEAM = HG4D7RHCA9;
				INFOPLIST_FILE = CTCyclePageMenuDemoTests/Info.plist;
				LD_RUNPATH_SEARCH_PATHS = "$(inherited) @executable_path/Frameworks @loader_path/Frameworks";
				PRODUCT_BUNDLE_IDENTIFIER = Demo.com.CTCyclePageMenuDemoTests;
				PRODUCT_NAME = "$(TARGET_NAME)";
				TEST_HOST = "$(BUILT_PRODUCTS_DIR)/CTCyclePageMenuDemo.app/CTCyclePageMenuDemo";
			};
			name = Release;
		};
		699284DE1F3403C100593E30 /* Debug */ = {
			isa = XCBuildConfiguration;
			buildSettings = {
				DEVELOPMENT_TEAM = HG4D7RHCA9;
				INFOPLIST_FILE = CTCyclePageMenuDemoUITests/Info.plist;
				LD_RUNPATH_SEARCH_PATHS = "$(inherited) @executable_path/Frameworks @loader_path/Frameworks";
				PRODUCT_BUNDLE_IDENTIFIER = Demo.com.CTCyclePageMenuDemoUITests;
				PRODUCT_NAME = "$(TARGET_NAME)";
				TEST_TARGET_NAME = CTCyclePageMenuDemo;
			};
			name = Debug;
		};
		699284DF1F3403C100593E30 /* Release */ = {
			isa = XCBuildConfiguration;
			buildSettings = {
				DEVELOPMENT_TEAM = HG4D7RHCA9;
				INFOPLIST_FILE = CTCyclePageMenuDemoUITests/Info.plist;
				LD_RUNPATH_SEARCH_PATHS = "$(inherited) @executable_path/Frameworks @loader_path/Frameworks";
				PRODUCT_BUNDLE_IDENTIFIER = Demo.com.CTCyclePageMenuDemoUITests;
				PRODUCT_NAME = "$(TARGET_NAME)";
				TEST_TARGET_NAME = CTCyclePageMenuDemo;
			};
			name = Release;
		};
/* End XCBuildConfiguration section */

/* Begin XCConfigurationList section */
		699284A51F3403C100593E30 /* Build configuration list for PBXProject "CTCyclePageMenuDemo" */ = {
			isa = XCConfigurationList;
			buildConfigurations = (
				699284D51F3403C100593E30 /* Debug */,
				699284D61F3403C100593E30 /* Release */,
			);
			defaultConfigurationIsVisible = 0;
			defaultConfigurationName = Release;
		};
		699284D71F3403C100593E30 /* Build configuration list for PBXNativeTarget "CTCyclePageMenuDemo" */ = {
			isa = XCConfigurationList;
			buildConfigurations = (
				699284D81F3403C100593E30 /* Debug */,
				699284D91F3403C100593E30 /* Release */,
			);
			defaultConfigurationIsVisible = 0;
			defaultConfigurationName = Release;
		};
		699284DA1F3403C100593E30 /* Build configuration list for PBXNativeTarget "CTCyclePageMenuDemoTests" */ = {
			isa = XCConfigurationList;
			buildConfigurations = (
				699284DB1F3403C100593E30 /* Debug */,
				699284DC1F3403C100593E30 /* Release */,
			);
			defaultConfigurationIsVisible = 0;
			defaultConfigurationName = Release;
		};
		699284DD1F3403C100593E30 /* Build configuration list for PBXNativeTarget "CTCyclePageMenuDemoUITests" */ = {
			isa = XCConfigurationList;
			buildConfigurations = (
				699284DE1F3403C100593E30 /* Debug */,
				699284DF1F3403C100593E30 /* Release */,
			);
			defaultConfigurationIsVisible = 0;
			defaultConfigurationName = Release;
		};
/* End XCConfigurationList section */
	};
	rootObject = 699284A21F3403C100593E30 /* Project object */;
}
